
Microsoft Visual Studio Solution File, Format Version 12.00
# Visual Studio 15
VisualStudioVersion = 15.0.28307.421
MinimumVisualStudioVersion = 10.0.40219.1
Project("{FAE04EC0-301F-11D3-BF4B-00C04F79EFBC}") = "HarryProject", "HarryProject\HarryProject.csproj", "{43377DFD-9236-4DC7-96F1-61991E53AF00}"
EndProject
Global
	GlobalSection(SolutionConfigurationPlatforms) = preSolution
		Debug|Any CPU = Debug|Any CPU
		Release|Any CPU = Release|Any CPU
	EndGlobalSection
	GlobalSection(ProjectConfigurationPlatforms) = postSolution
		{43377DFD-9236-4DC7-96F1-61991E53AF00}.Debug|Any CPU.ActiveCfg = Debug|Any CPU
		{43377DFD-9236-4DC7-96F1-61991E53AF00}.Debug|Any CPU.Build.0 = Debug|Any CPU
		{43377DFD-9236-4DC7-96F1-61991E53AF00}.Release|Any CPU.ActiveCfg = Release|Any CPU
		{43377DFD-9236-4DC7-96F1-61991E53AF00}.Release|Any CPU.Build.0 = Release|Any CPU
	EndGlobalSection
	GlobalSection(SolutionProperties) = preSolution
		HideSolutionNode = FALSE
	EndGlobalSection
	GlobalSection(ExtensibilityGlobals) = postSolution
		SolutionGuid = {B634B67A-498A-4857-8E0D-C8FC4C08738A}
	EndGlobalSection
EndGlobal
